
Microsoft Visual Studio Solution File, Format Version 12.00
# Visual Studio Version 17
VisualStudioVersion = 17.14.36408.4
MinimumVisualStudioVersion = 10.0.40219.1
Project("{FAE04EC0-301F-11D3-BF4B-00C04F79EFBC}") = "CalorieCounter", "CalorieCounter.csproj", "{80B379C8-8712-4CBE-9246-3BD4F980EDA9}"
EndProject
Global
	GlobalSection(SolutionConfigurationPlatforms) = preSolution
		Debug|Any CPU = Debug|Any CPU
		Release|Any CPU = Release|Any CPU
	EndGlobalSection
	GlobalSection(ProjectConfigurationPlatforms) = postSolution
		{80B379C8-8712-4CBE-9246-3BD4F980EDA9}.Debug|Any CPU.ActiveCfg = Debug|Any CPU
		{80B379C8-8712-4CBE-9246-3BD4F980EDA9}.Debug|Any CPU.Build.0 = Debug|Any CPU
		{80B379C8-8712-4CBE-9246-3BD4F980EDA9}.Debug|Any CPU.Deploy.0 = Debug|Any CPU
		{80B379C8-8712-4CBE-9246-3BD4F980EDA9}.Release|Any CPU.ActiveCfg = Release|Any CPU
		{80B379C8-8712-4CBE-9246-3BD4F980EDA9}.Release|Any CPU.Build.0 = Release|Any CPU
	EndGlobalSection
	GlobalSection(SolutionProperties) = preSolution
		HideSolutionNode = FALSE
	EndGlobalSection
	GlobalSection(ExtensibilityGlobals) = postSolution
		SolutionGuid = {CE4EE385-CEE0-4362-8004-BE61A97034F8}
	EndGlobalSection
EndGlobal
